
Microsoft Visual Studio Solution File, Format Version 12.00
# Visual Studio Version 17
VisualStudioVersion = 17.9.34728.123
MinimumVisualStudioVersion = 10.0.40219.1
Project("{9A19103F-16F7-4668-BE54-9A1E7A4F7556}") = "win7aot", "win7aot\win7aot.csproj", "{EEB3D727-622C-43E7-BCA8-114B4DA1F5EB}"
EndProject
Project("{9A19103F-16F7-4668-BE54-9A1E7A4F7556}") = "win7aot.Desktop", "win7aot.Desktop\win7aot.Desktop.csproj", "{18E214B1-6C15-4234-BDE9-E295603918F8}"
EndProject
Global
	GlobalSection(SolutionConfigurationPlatforms) = preSolution
		Debug|Any CPU = Debug|Any CPU
		Release|Any CPU = Release|Any CPU
	EndGlobalSection
	GlobalSection(ProjectConfigurationPlatforms) = postSolution
		{EEB3D727-622C-43E7-BCA8-114B4DA1F5EB}.Debug|Any CPU.ActiveCfg = Debug|Any CPU
		{EEB3D727-622C-43E7-BCA8-114B4DA1F5EB}.Debug|Any CPU.Build.0 = Debug|Any CPU
		{EEB3D727-622C-43E7-BCA8-114B4DA1F5EB}.Release|Any CPU.ActiveCfg = Release|Any CPU
		{EEB3D727-622C-43E7-BCA8-114B4DA1F5EB}.Release|Any CPU.Build.0 = Release|Any CPU
		{18E214B1-6C15-4234-BDE9-E295603918F8}.Debug|Any CPU.ActiveCfg = Debug|Any CPU
		{18E214B1-6C15-4234-BDE9-E295603918F8}.Debug|Any CPU.Build.0 = Debug|Any CPU
		{18E214B1-6C15-4234-BDE9-E295603918F8}.Release|Any CPU.ActiveCfg = Release|Any CPU
		{18E214B1-6C15-4234-BDE9-E295603918F8}.Release|Any CPU.Build.0 = Release|Any CPU
	EndGlobalSection
	GlobalSection(SolutionProperties) = preSolution
		HideSolutionNode = FALSE
	EndGlobalSection
	GlobalSection(ExtensibilityGlobals) = postSolution
		SolutionGuid = {F139587B-5E1C-4C40-BB61-7C09DFB80F30}
	EndGlobalSection
EndGlobal
